// !$*UTF8*$!
{
	archiveVersion = 1;
	classes = {
	};
	objectVersion = 56;
	objects = {

/* Begin PBXBuildFile section */
		5C9E5A132BDF8C9200EC8FC5 /* jankenApp.swift in Sources */ = {isa = PBXBuildFile; fileRef = 5C9E5A122BDF8C9200EC8FC5 /* jankenApp.swift */; };
		5C9E5A152BDF8C9200EC8FC5 /* ContentView.swift in Sources */ = {isa = PBXBuildFile; fileRef = 5C9E5A142BDF8C9200EC8FC5 /* ContentView.swift */; };
		5C9E5A172BDF8C9300EC8FC5 /* Assets.xcassets in Resources */ = {isa = PBXBuildFile; fileRef = 5C9E5A162BDF8C9300EC8FC5 /* Assets.xcassets */; };
		5C9E5A1A2BDF8C9300EC8FC5 /* Preview Assets.xcassets in Resources */ = {isa = PBXBuildFile; fileRef = 5C9E5A192BDF8C9300EC8FC5 /* Preview Assets.xcassets */; };
		5C9E5A242BDF8C9300EC8FC5 /* jankenTests.swift in Sources */ = {isa = PBXBuildFile; fileRef = 5C9E5A232BDF8C9300EC8FC5 /* jankenTests.swift */; };
		5C9E5A2E2BDF8C9300EC8FC5 /* jankenUITests.swift in Sources */ = {isa = PBXBuildFile; fileRef = 5C9E5A2D2BDF8C9300EC8FC5 /* jankenUITests.swift */; };
		5C9E5A302BDF8C9300EC8FC5 /* jankenUITestsLaunchTests.swift in Sources */ = {isa = PBXBuildFile; fileRef = 5C9E5A2F2BDF8C9300EC8FC5 /* jankenUITestsLaunchTests.swift */; };
		5C9E5A3D2BDF8DA800EC8FC5 /* MainView.swift in Sources */ = {isa = PBXBuildFile; fileRef = 5C9E5A3C2BDF8DA800EC8FC5 /* MainView.swift */; };
		5C9E5A3F2BDF9C8000EC8FC5 /* JankenHandView.swift in Sources */ = {isa = PBXBuildFile; fileRef = 5C9E5A3E2BDF9C8000EC8FC5 /* JankenHandView.swift */; };
		5C9E5A412BDFAC7B00EC8FC5 /* JankenHandButton.swift in Sources */ = {isa = PBXBuildFile; fileRef = 5C9E5A402BDFAC7B00EC8FC5 /* JankenHandButton.swift */; };
		5C9E5A432BDFACC400EC8FC5 /* JankenHandEnum.swift in Sources */ = {isa = PBXBuildFile; fileRef = 5C9E5A422BDFACC400EC8FC5 /* JankenHandEnum.swift */; };
		5C9E5A452BDFB49700EC8FC5 /* ResultView.swift in Sources */ = {isa = PBXBuildFile; fileRef = 5C9E5A442BDFB49700EC8FC5 /* ResultView.swift */; };
/* End PBXBuildFile section */

/* Begin PBXContainerItemProxy section */
		5C9E5A202BDF8C9300EC8FC5 /* PBXContainerItemProxy */ = {
			isa = PBXContainerItemProxy;
			containerPortal = 5C9E5A072BDF8C9200EC8FC5 /* Project object */;
			proxyType = 1;
			remoteGlobalIDString = 5C9E5A0E2BDF8C9200EC8FC5;
			remoteInfo = janken;
		};
		5C9E5A2A2BDF8C9300EC8FC5 /* PBXContainerItemProxy */ = {
			isa = PBXContainerItemProxy;
			containerPortal = 5C9E5A072BDF8C9200EC8FC5 /* Project object */;
			proxyType = 1;
			remoteGlobalIDString = 5C9E5A0E2BDF8C9200EC8FC5;
			remoteInfo = janken;
		};
/* End PBXContainerItemProxy section */

/* Begin PBXFileReference section */
		5C9E5A0F2BDF8C9200EC8FC5 /* janken.app */ = {isa = PBXFileReference; explicitFileType = wrapper.application; includeInIndex = 0; path = janken.app; sourceTree = BUILT_PRODUCTS_DIR; };
		5C9E5A122BDF8C9200EC8FC5 /* jankenApp.swift */ = {isa = PBXFileReference; lastKnownFileType = sourcecode.swift; path = jankenApp.swift; sourceTree = "<group>"; };
		5C9E5A142BDF8C9200EC8FC5 /* ContentView.swift */ = {isa = PBXFileReference; lastKnownFileType = sourcecode.swift; path = ContentView.swift; sourceTree = "<group>"; };
		5C9E5A162BDF8C9300EC8FC5 /* Assets.xcassets */ = {isa = PBXFileReference; lastKnownFileType = folder.assetcatalog; path = Assets.xcassets; sourceTree = "<group>"; };
		5C9E5A192BDF8C9300EC8FC5 /* Preview Assets.xcassets */ = {isa = PBXFileReference; lastKnownFileType = folder.assetcatalog; path = "Preview Assets.xcassets"; sourceTree = "<group>"; };
		5C9E5A1F2BDF8C9300EC8FC5 /* jankenTests.xctest */ = {isa = PBXFileReference; explicitFileType = wrapper.cfbundle; includeInIndex = 0; path = jankenTests.xctest; sourceTree = BUILT_PRODUCTS_DIR; };
		5C9E5A232BDF8C9300EC8FC5 /* jankenTests.swift */ = {isa = PBXFileReference; lastKnownFileType = sourcecode.swift; path = jankenTests.swift; sourceTree = "<group>"; };
		5C9E5A292BDF8C9300EC8FC5 /* jankenUITests.xctest */ = {isa = PBXFileReference; explicitFileType = wrapper.cfbundle; includeInIndex = 0; path = jankenUITests.xctest; sourceTree = BUILT_PRODUCTS_DIR; };
		5C9E5A2D2BDF8C9300EC8FC5 /* jankenUITests.swift */ = {isa = PBXFileReference; lastKnownFileType = sourcecode.swift; path = jankenUITests.swift; sourceTree = "<group>"; };
		5C9E5A2F2BDF8C9300EC8FC5 /* jankenUITestsLaunchTests.swift */ = {isa = PBXFileReference; lastKnownFileType = sourcecode.swift; path = jankenUITestsLaunchTests.swift; sourceTree = "<group>"; };
		5C9E5A3C2BDF8DA800EC8FC5 /* MainView.swift */ = {isa = PBXFileReference; lastKnownFileType = sourcecode.swift; path = MainView.swift; sourceTree = "<group>"; };
		5C9E5A3E2BDF9C8000EC8FC5 /* JankenHandView.swift */ = {isa = PBXFileReference; lastKnownFileType = sourcecode.swift; path = JankenHandView.swift; sourceTree = "<group>"; };
		5C9E5A402BDFAC7B00EC8FC5 /* JankenHandButton.swift */ = {isa = PBXFileReference; lastKnownFileType = sourcecode.swift; path = JankenHandButton.swift; sourceTree = "<group>"; };
		5C9E5A422BDFACC400EC8FC5 /* JankenHandEnum.swift */ = {isa = PBXFileReference; lastKnownFileType = sourcecode.swift; path = JankenHandEnum.swift; sourceTree = "<group>"; };
		5C9E5A442BDFB49700EC8FC5 /* ResultView.swift */ = {isa = PBXFileReference; lastKnownFileType = sourcecode.swift; path = ResultView.swift; sourceTree = "<group>"; };
/* End PBXFileReference section */

/* Begin PBXFrameworksBuildPhase section */
		5C9E5A0C2BDF8C9200EC8FC5 /* Frameworks */ = {
			isa = PBXFrameworksBuildPhase;
			buildActionMask = 2147483647;
			files = (
			);
			runOnlyForDeploymentPostprocessing = 0;
		};
		5C9E5A1C2BDF8C9300EC8FC5 /* Frameworks */ = {
			isa = PBXFrameworksBuildPhase;
			buildActionMask = 2147483647;
			files = (
			);
			runOnlyForDeploymentPostprocessing = 0;
		};
		5C9E5A262BDF8C9300EC8FC5 /* Frameworks */ = {
			isa = PBXFrameworksBuildPhase;
			buildActionMask = 2147483647;
			files = (
			);
			runOnlyForDeploymentPostprocessing = 0;
		};
/* End PBXFrameworksBuildPhase section */

/* Begin PBXGroup section */
		5C9E5A062BDF8C9200EC8FC5 = {
			isa = PBXGroup;
			children = (
				5C9E5A112BDF8C9200EC8FC5 /* janken */,
				5C9E5A222BDF8C9300EC8FC5 /* jankenTests */,
				5C9E5A2C2BDF8C9300EC8FC5 /* jankenUITests */,
				5C9E5A102BDF8C9200EC8FC5 /* Products */,
			);
			sourceTree = "<group>";
		};
		5C9E5A102BDF8C9200EC8FC5 /* Products */ = {
			isa = PBXGroup;
			children = (
				5C9E5A0F2BDF8C9200EC8FC5 /* janken.app */,
				5C9E5A1F2BDF8C9300EC8FC5 /* jankenTests.xctest */,
				5C9E5A292BDF8C9300EC8FC5 /* jankenUITests.xctest */,
			);
			name = Products;
			sourceTree = "<group>";
		};
		5C9E5A112BDF8C9200EC8FC5 /* janken */ = {
			isa = PBXGroup;
			children = (
				5C9E5A122BDF8C9200EC8FC5 /* jankenApp.swift */,
				5C9E5A142BDF8C9200EC8FC5 /* ContentView.swift */,
				5C9E5A3E2BDF9C8000EC8FC5 /* JankenHandView.swift */,
				5C9E5A442BDFB49700EC8FC5 /* ResultView.swift */,
				5C9E5A3C2BDF8DA800EC8FC5 /* MainView.swift */,
				5C9E5A422BDFACC400EC8FC5 /* JankenHandEnum.swift */,
				5C9E5A402BDFAC7B00EC8FC5 /* JankenHandButton.swift */,
				5C9E5A162BDF8C9300EC8FC5 /* Assets.xcassets */,
				5C9E5A182BDF8C9300EC8FC5 /* Preview Content */,
			);
			path = janken;
			sourceTree = "<group>";
		};
		5C9E5A182BDF8C9300EC8FC5 /* Preview Content */ = {
			isa = PBXGroup;
			children = (
				5C9E5A192BDF8C9300EC8FC5 /* Preview Assets.xcassets */,
			);
			path = "Preview Content";
			sourceTree = "<group>";
		};
		5C9E5A222BDF8C9300EC8FC5 /* jankenTests */ = {
			isa = PBXGroup;
			children = (
				5C9E5A232BDF8C9300EC8FC5 /* jankenTests.swift */,
			);
			path = jankenTests;
			sourceTree = "<group>";
		};
		5C9E5A2C2BDF8C9300EC8FC5 /* jankenUITests */ = {
			isa = PBXGroup;
			children = (
				5C9E5A2D2BDF8C9300EC8FC5 /* jankenUITests.swift */,
				5C9E5A2F2BDF8C9300EC8FC5 /* jankenUITestsLaunchTests.swift */,
			);
			path = jankenUITests;
			sourceTree = "<group>";
		};
/* End PBXGroup section */

/* Begin PBXNativeTarget section */
		5C9E5A0E2BDF8C9200EC8FC5 /* janken */ = {
			isa = PBXNativeTarget;
			buildConfigurationList = 5C9E5A332BDF8C9300EC8FC5 /* Build configuration list for PBXNativeTarget "janken" */;
			buildPhases = (
				5C9E5A0B2BDF8C9200EC8FC5 /* Sources */,
				5C9E5A0C2BDF8C9200EC8FC5 /* Frameworks */,
				5C9E5A0D2BDF8C9200EC8FC5 /* Resources */,
			);
			buildRules = (
			);
			dependencies = (
			);
			name = janken;
			productName = janken;
			productReference = 5C9E5A0F2BDF8C9200EC8FC5 /* janken.app */;
			productType = "com.apple.product-type.application";
		};
		5C9E5A1E2BDF8C9300EC8FC5 /* jankenTests */ = {
			isa = PBXNativeTarget;
			buildConfigurationList = 5C9E5A362BDF8C9300EC8FC5 /* Build configuration list for PBXNativeTarget "jankenTests" */;
			buildPhases = (
				5C9E5A1B2BDF8C9300EC8FC5 /* Sources */,
				5C9E5A1C2BDF8C9300EC8FC5 /* Frameworks */,
				5C9E5A1D2BDF8C9300EC8FC5 /* Resources */,
			);
			buildRules = (
			);
			dependencies = (
				5C9E5A212BDF8C9300EC8FC5 /* PBXTargetDependency */,
			);
			name = jankenTests;
			productName = jankenTests;
			productReference = 5C9E5A1F2BDF8C9300EC8FC5 /* jankenTests.xctest */;
			productType = "com.apple.product-type.bundle.unit-test";
		};
		5C9E5A282BDF8C9300EC8FC5 /* jankenUITests */ = {
			isa = PBXNativeTarget;
			buildConfigurationList = 5C9E5A392BDF8C9300EC8FC5 /* Build configuration list for PBXNativeTarget "jankenUITests" */;
			buildPhases = (
				5C9E5A252BDF8C9300EC8FC5 /* Sources */,
				5C9E5A262BDF8C9300EC8FC5 /* Frameworks */,
				5C9E5A272BDF8C9300EC8FC5 /* Resources */,
			);
			buildRules = (
			);
			dependencies = (
				5C9E5A2B2BDF8C9300EC8FC5 /* PBXTargetDependency */,
			);
			name = jankenUITests;
			productName = jankenUITests;
			productReference = 5C9E5A292BDF8C9300EC8FC5 /* jankenUITests.xctest */;
			productType = "com.apple.product-type.bundle.ui-testing";
		};
/* End PBXNativeTarget section */

/* Begin PBXProject section */
		5C9E5A072BDF8C9200EC8FC5 /* Project object */ = {
			isa = PBXProject;
			attributes = {
				BuildIndependentTargetsInParallel = 1;
				LastSwiftUpdateCheck = 1530;
				LastUpgradeCheck = 1530;
				TargetAttributes = {
					5C9E5A0E2BDF8C9200EC8FC5 = {
						CreatedOnToolsVersion = 15.3;
					};
					5C9E5A1E2BDF8C9300EC8FC5 = {
						CreatedOnToolsVersion = 15.3;
						TestTargetID = 5C9E5A0E2BDF8C9200EC8FC5;
					};
					5C9E5A282BDF8C9300EC8FC5 = {
						CreatedOnToolsVersion = 15.3;
						TestTargetID = 5C9E5A0E2BDF8C9200EC8FC5;
					};
				};
			};
			buildConfigurationList = 5C9E5A0A2BDF8C9200EC8FC5 /* Build configuration list for PBXProject "janken" */;
			compatibilityVersion = "Xcode 14.0";
			developmentRegion = en;
			hasScannedForEncodings = 0;
			knownRegions = (
				en,
				Base,
			);
			mainGroup = 5C9E5A062BDF8C9200EC8FC5;
			productRefGroup = 5C9E5A102BDF8C9200EC8FC5 /* Products */;
			projectDirPath = "";
			projectRoot = "";
			targets = (
				5C9E5A0E2BDF8C9200EC8FC5 /* janken */,
				5C9E5A1E2BDF8C9300EC8FC5 /* jankenTests */,
				5C9E5A282BDF8C9300EC8FC5 /* jankenUITests */,
			);
		};
/* End PBXProject section */

/* Begin PBXResourcesBuildPhase section */
		5C9E5A0D2BDF8C9200EC8FC5 /* Resources */ = {
			isa = PBXResourcesBuildPhase;
			buildActionMask = 2147483647;
			files = (
				5C9E5A1A2BDF8C9300EC8FC5 /* Preview Assets.xcassets in Resources */,
				5C9E5A172BDF8C9300EC8FC5 /* Assets.xcassets in Resources */,
			);
			runOnlyForDeploymentPostprocessing = 0;
		};
		5C9E5A1D2BDF8C9300EC8FC5 /* Resources */ = {
			isa = PBXResourcesBuildPhase;
			buildActionMask = 2147483647;
			files = (
			);
			runOnlyForDeploymentPostprocessing = 0;
		};
		5C9E5A272BDF8C9300EC8FC5 /* Resources */ = {
			isa = PBXResourcesBuildPhase;
			buildActionMask = 2147483647;
			files = (
			);
			runOnlyForDeploymentPostprocessing = 0;
		};
/* End PBXResourcesBuildPhase section */

/* Begin PBXSourcesBuildPhase section */
		5C9E5A0B2BDF8C9200EC8FC5 /* Sources */ = {
			isa = PBXSourcesBuildPhase;
			buildActionMask = 2147483647;
			files = (
				5C9E5A432BDFACC400EC8FC5 /* JankenHandEnum.swift in Sources */,
				5C9E5A3D2BDF8DA800EC8FC5 /* MainView.swift in Sources */,
				5C9E5A3F2BDF9C8000EC8FC5 /* JankenHandView.swift in Sources */,
				5C9E5A152BDF8C9200EC8FC5 /* ContentView.swift in Sources */,
				5C9E5A132BDF8C9200EC8FC5 /* jankenApp.swift in Sources */,
				5C9E5A452BDFB49700EC8FC5 /* ResultView.swift in Sources */,
				5C9E5A412BDFAC7B00EC8FC5 /* JankenHandButton.swift in Sources */,
			);
			runOnlyForDeploymentPostprocessing = 0;
		};
		5C9E5A1B2BDF8C9300EC8FC5 /* Sources */ = {
			isa = PBXSourcesBuildPhase;
			buildActionMask = 2147483647;
			files = (
				5C9E5A242BDF8C9300EC8FC5 /* jankenTests.swift in Sources */,
			);
			runOnlyForDeploymentPostprocessing = 0;
		};
		5C9E5A252BDF8C9300EC8FC5 /* Sources */ = {
			isa = PBXSourcesBuildPhase;
			buildActionMask = 2147483647;
			files = (
				5C9E5A2E2BDF8C9300EC8FC5 /* jankenUITests.swift in Sources */,
				5C9E5A302BDF8C9300EC8FC5 /* jankenUITestsLaunchTests.swift in Sources */,
			);
			runOnlyForDeploymentPostprocessing = 0;
		};
/* End PBXSourcesBuildPhase section */

/* Begin PBXTargetDependency section */
		5C9E5A212BDF8C9300EC8FC5 /* PBXTargetDependency */ = {
			isa = PBXTargetDependency;
			target = 5C9E5A0E2BDF8C9200EC8FC5 /* janken */;
			targetProxy = 5C9E5A202BDF8C9300EC8FC5 /* PBXContainerItemProxy */;
		};
		5C9E5A2B2BDF8C9300EC8FC5 /* PBXTargetDependency */ = {
			isa = PBXTargetDependency;
			target = 5C9E5A0E2BDF8C9200EC8FC5 /* janken */;
			targetProxy = 5C9E5A2A2BDF8C9300EC8FC5 /* PBXContainerItemProxy */;
		};
/* End PBXTargetDependency section */

/* Begin XCBuildConfiguration section */
		5C9E5A312BDF8C9300EC8FC5 /* Debug */ = {
			isa = XCBuildConfiguration;
			buildSettings = {
				ALWAYS_SEARCH_USER_PATHS = NO;
				ASSETCATALOG_COMPILER_GENERATE_SWIFT_ASSET_SYMBOL_EXTENSIONS = YES;
				CLANG_ANALYZER_NONNULL = YES;
				CLANG_ANALYZER_NUMBER_OBJECT_CONVERSION = YES_AGGRESSIVE;
				CLANG_CXX_LANGUAGE_STANDARD = "gnu++20";
				CLANG_ENABLE_MODULES = YES;
				CLANG_ENABLE_OBJC_ARC = YES;
				CLANG_ENABLE_OBJC_WEAK = YES;
				CLANG_WARN_BLOCK_CAPTURE_AUTORELEASING = YES;
				CLANG_WARN_BOOL_CONVERSION = YES;
				CLANG_WARN_COMMA = YES;
				CLANG_WARN_CONSTANT_CONVERSION = YES;
				CLANG_WARN_DEPRECATED_OBJC_IMPLEMENTATIONS = YES;
				CLANG_WARN_DIRECT_OBJC_ISA_USAGE = YES_ERROR;
				CLANG_WARN_DOCUMENTATION_COMMENTS = YES;
				CLANG_WARN_EMPTY_BODY = YES;
				CLANG_WARN_ENUM_CONVERSION = YES;
				CLANG_WARN_INFINITE_RECURSION = YES;
				CLANG_WARN_INT_CONVERSION = YES;
				CLANG_WARN_NON_LITERAL_NULL_CONVERSION = YES;
				CLANG_WARN_OBJC_IMPLICIT_RETAIN_SELF = YES;
				CLANG_WARN_OBJC_LITERAL_CONVERSION = YES;
				CLANG_WARN_OBJC_ROOT_CLASS = YES_ERROR;
				CLANG_WARN_QUOTED_INCLUDE_IN_FRAMEWORK_HEADER = YES;
				CLANG_WARN_RANGE_LOOP_ANALYSIS = YES;
				CLANG_WARN_STRICT_PROTOTYPES = YES;
				CLANG_WARN_SUSPICIOUS_MOVE = YES;
				CLANG_WARN_UNGUARDED_AVAILABILITY = YES_AGGRESSIVE;
				CLANG_WARN_UNREACHABLE_CODE = YES;
				CLANG_WARN__DUPLICATE_METHOD_MATCH = YES;
				COPY_PHASE_STRIP = NO;
				DEBUG_INFORMATION_FORMAT = dwarf;
				ENABLE_STRICT_OBJC_MSGSEND = YES;
				ENABLE_TESTABILITY = YES;
				ENABLE_USER_SCRIPT_SANDBOXING = YES;
				GCC_C_LANGUAGE_STANDARD = gnu17;
				GCC_DYNAMIC_NO_PIC = NO;
				GCC_NO_COMMON_BLOCKS = YES;
				GCC_OPTIMIZATION_LEVEL = 0;
				GCC_PREPROCESSOR_DEFINITIONS = (
					"DEBUG=1",
					"$(inherited)",
				);
				GCC_WARN_64_TO_32_BIT_CONVERSION = YES;
				GCC_WARN_ABOUT_RETURN_TYPE = YES_ERROR;
				GCC_WARN_UNDECLARED_SELECTOR = YES;
				GCC_WARN_UNINITIALIZED_AUTOS = YES_AGGRESSIVE;
				GCC_WARN_UNUSED_FUNCTION = YES;
				GCC_WARN_UNUSED_VARIABLE = YES;
				IPHONEOS_DEPLOYMENT_TARGET = 17.4;
				LOCALIZATION_PREFERS_STRING_CATALOGS = YES;
				MTL_ENABLE_DEBUG_INFO = INCLUDE_SOURCE;
				MTL_FAST_MATH = YES;
				ONLY_ACTIVE_ARCH = YES;
				SDKROOT = iphoneos;
				SWIFT_ACTIVE_COMPILATION_CONDITIONS = "DEBUG $(inherited)";
				SWIFT_OPTIMIZATION_LEVEL = "-Onone";
			};
			name = Debug;
		};
		5C9E5A322BDF8C9300EC8FC5 /* Release */ = {
			isa = XCBuildConfiguration;
			buildSettings = {
				ALWAYS_SEARCH_USER_PATHS = NO;
				ASSETCATALOG_COMPILER_GENERATE_SWIFT_ASSET_SYMBOL_EXTENSIONS = YES;
				CLANG_ANALYZER_NONNULL = YES;
				CLANG_ANALYZER_NUMBER_OBJECT_CONVERSION = YES_AGGRESSIVE;
				CLANG_CXX_LANGUAGE_STANDARD = "gnu++20";
				CLANG_ENABLE_MODULES = YES;
				CLANG_ENABLE_OBJC_ARC = YES;
				CLANG_ENABLE_OBJC_WEAK = YES;
				CLANG_WARN_BLOCK_CAPTURE_AUTORELEASING = YES;
				CLANG_WARN_BOOL_CONVERSION = YES;
				CLANG_WARN_COMMA = YES;
				CLANG_WARN_CONSTANT_CONVERSION = YES;
				CLANG_WARN_DEPRECATED_OBJC_IMPLEMENTATIONS = YES;
				CLANG_WARN_DIRECT_OBJC_ISA_USAGE = YES_ERROR;
				CLANG_WARN_DOCUMENTATION_COMMENTS = YES;
				CLANG_WARN_EMPTY_BODY = YES;
				CLANG_WARN_ENUM_CONVERSION = YES;
				CLANG_WARN_INFINITE_RECURSION = YES;
				CLANG_WARN_INT_CONVERSION = YES;
				CLANG_WARN_NON_LITERAL_NULL_CONVERSION = YES;
				CLANG_WARN_OBJC_IMPLICIT_RETAIN_SELF = YES;
				CLANG_WARN_OBJC_LITERAL_CONVERSION = YES;
				CLANG_WARN_OBJC_ROOT_CLASS = YES_ERROR;
				CLANG_WARN_QUOTED_INCLUDE_IN_FRAMEWORK_HEADER = YES;
				CLANG_WARN_RANGE_LOOP_ANALYSIS = YES;
				CLANG_WARN_STRICT_PROTOTYPES = YES;
				CLANG_WARN_SUSPICIOUS_MOVE = YES;
				CLANG_WARN_UNGUARDED_AVAILABILITY = YES_AGGRESSIVE;
				CLANG_WARN_UNREACHABLE_CODE = YES;
				CLANG_WARN__DUPLICATE_METHOD_MATCH = YES;
				COPY_PHASE_STRIP = NO;
				DEBUG_INFORMATION_FORMAT = "dwarf-with-dsym";
				ENABLE_NS_ASSERTIONS = NO;
				ENABLE_STRICT_OBJC_MSGSEND = YES;
				ENABLE_USER_SCRIPT_SANDBOXING = YES;
				GCC_C_LANGUAGE_STANDARD = gnu17;
				GCC_NO_COMMON_BLOCKS = YES;
				GCC_WARN_64_TO_32_BIT_CONVERSION = YES;
				GCC_WARN_ABOUT_RETURN_TYPE = YES_ERROR;
				GCC_WARN_UNDECLARED_SELECTOR = YES;
				GCC_WARN_UNINITIALIZED_AUTOS = YES_AGGRESSIVE;
				GCC_WARN_UNUSED_FUNCTION = YES;
				GCC_WARN_UNUSED_VARIABLE = YES;
				IPHONEOS_DEPLOYMENT_TARGET = 17.4;
				LOCALIZATION_PREFERS_STRING_CATALOGS = YES;
				MTL_ENABLE_DEBUG_INFO = NO;
				MTL_FAST_MATH = YES;
				SDKROOT = iphoneos;
				SWIFT_COMPILATION_MODE = wholemodule;
				VALIDATE_PRODUCT = YES;
			};
			name = Release;
		};
		5C9E5A342BDF8C9300EC8FC5 /* Debug */ = {
			isa = XCBuildConfiguration;
			buildSettings = {
				ASSETCATALOG_COMPILER_APPICON_NAME = AppIcon;
				ASSETCATALOG_COMPILER_GLOBAL_ACCENT_COLOR_NAME = AccentColor;
				CODE_SIGN_STYLE = Automatic;
				CURRENT_PROJECT_VERSION = 1;
				DEVELOPMENT_ASSET_PATHS = "\"janken/Preview Content\"";
				ENABLE_PREVIEWS = YES;
				GENERATE_INFOPLIST_FILE = YES;
				INFOPLIST_KEY_UIApplicationSceneManifest_Generation = YES;
				INFOPLIST_KEY_UIApplicationSupportsIndirectInputEvents = YES;
				INFOPLIST_KEY_UILaunchScreen_Generation = YES;
				INFOPLIST_KEY_UISupportedInterfaceOrientations_iPad = "UIInterfaceOrientationPortrait UIInterfaceOrientationPortraitUpsideDown UIInterfaceOrientationLandscapeLeft UIInterfaceOrientationLandscapeRight";
				INFOPLIST_KEY_UISupportedInterfaceOrientations_iPhone = "UIInterfaceOrientationPortrait UIInterfaceOrientationLandscapeLeft UIInterfaceOrientationLandscapeRight";
				LD_RUNPATH_SEARCH_PATHS = (
					"$(inherited)",
					"@executable_path/Frameworks",
				);
				MARKETING_VERSION = 1.0;
				PRODUCT_BUNDLE_IDENTIFIER = pandanoir.janken;
				PRODUCT_NAME = "$(TARGET_NAME)";
				SWIFT_EMIT_LOC_STRINGS = YES;
				SWIFT_VERSION = 5.0;
				TARGETED_DEVICE_FAMILY = "1,2";
			};
			name = Debug;
		};
		5C9E5A352BDF8C9300EC8FC5 /* Release */ = {
			isa = XCBuildConfiguration;
			buildSettings = {
				ASSETCATALOG_COMPILER_APPICON_NAME = AppIcon;
				ASSETCATALOG_COMPILER_GLOBAL_ACCENT_COLOR_NAME = AccentColor;
				CODE_SIGN_STYLE = Automatic;
				CURRENT_PROJECT_VERSION = 1;
				DEVELOPMENT_ASSET_PATHS = "\"janken/Preview Content\"";
				ENABLE_PREVIEWS = YES;
				GENERATE_INFOPLIST_FILE = YES;
				INFOPLIST_KEY_UIApplicationSceneManifest_Generation = YES;
				INFOPLIST_KEY_UIApplicationSupportsIndirectInputEvents = YES;
				INFOPLIST_KEY_UILaunchScreen_Generation = YES;
				INFOPLIST_KEY_UISupportedInterfaceOrientations_iPad = "UIInterfaceOrientationPortrait UIInterfaceOrientationPortraitUpsideDown UIInterfaceOrientationLandscapeLeft UIInterfaceOrientationLandscapeRight";
				INFOPLIST_KEY_UISupportedInterfaceOrientations_iPhone = "UIInterfaceOrientationPortrait UIInterfaceOrientationLandscapeLeft UIInterfaceOrientationLandscapeRight";
				LD_RUNPATH_SEARCH_PATHS = (
					"$(inherited)",
					"@executable_path/Frameworks",
				);
				MARKETING_VERSION = 1.0;
				PRODUCT_BUNDLE_IDENTIFIER = pandanoir.janken;
				PRODUCT_NAME = "$(TARGET_NAME)";
				SWIFT_EMIT_LOC_STRINGS = YES;
				SWIFT_VERSION = 5.0;
				TARGETED_DEVICE_FAMILY = "1,2";
			};
			name = Release;
		};
		5C9E5A372BDF8C9300EC8FC5 /* Debug */ = {
			isa = XCBuildConfiguration;
			buildSettings = {
				ALWAYS_EMBED_SWIFT_STANDARD_LIBRARIES = YES;
				BUNDLE_LOADER = "$(TEST_HOST)";
				CODE_SIGN_STYLE = Automatic;
				CURRENT_PROJECT_VERSION = 1;
				GENERATE_INFOPLIST_FILE = YES;
				IPHONEOS_DEPLOYMENT_TARGET = 17.4;
				MARKETING_VERSION = 1.0;
				PRODUCT_BUNDLE_IDENTIFIER = pandanoir.jankenTests;
				PRODUCT_NAME = "$(TARGET_NAME)";
				SWIFT_EMIT_LOC_STRINGS = NO;
				SWIFT_VERSION = 5.0;
				TARGETED_DEVICE_FAMILY = "1,2";
				TEST_HOST = "$(BUILT_PRODUCTS_DIR)/janken.app/$(BUNDLE_EXECUTABLE_FOLDER_PATH)/janken";
			};
			name = Debug;
		};
		5C9E5A382BDF8C9300EC8FC5 /* Release */ = {
			isa = XCBuildConfiguration;
			buildSettings = {
				ALWAYS_EMBED_SWIFT_STANDARD_LIBRARIES = YES;
				BUNDLE_LOADER = "$(TEST_HOST)";
				CODE_SIGN_STYLE = Automatic;
				CURRENT_PROJECT_VERSION = 1;
				GENERATE_INFOPLIST_FILE = YES;
				IPHONEOS_DEPLOYMENT_TARGET = 17.4;
				MARKETING_VERSION = 1.0;
				PRODUCT_BUNDLE_IDENTIFIER = pandanoir.jankenTests;
				PRODUCT_NAME = "$(TARGET_NAME)";
				SWIFT_EMIT_LOC_STRINGS = NO;
				SWIFT_VERSION = 5.0;
				TARGETED_DEVICE_FAMILY = "1,2";
				TEST_HOST = "$(BUILT_PRODUCTS_DIR)/janken.app/$(BUNDLE_EXECUTABLE_FOLDER_PATH)/janken";
			};
			name = Release;
		};
		5C9E5A3A2BDF8C9300EC8FC5 /* Debug */ = {
			isa = XCBuildConfiguration;
			buildSettings = {
				ALWAYS_EMBED_SWIFT_STANDARD_LIBRARIES = YES;
				CODE_SIGN_STYLE = Automatic;
				CURRENT_PROJECT_VERSION = 1;
				GENERATE_INFOPLIST_FILE = YES;
				MARKETING_VERSION = 1.0;
				PRODUCT_BUNDLE_IDENTIFIER = pandanoir.jankenUITests;
				PRODUCT_NAME = "$(TARGET_NAME)";
				SWIFT_EMIT_LOC_STRINGS = NO;
				SWIFT_VERSION = 5.0;
				TARGETED_DEVICE_FAMILY = "1,2";
				TEST_TARGET_NAME = janken;
			};
			name = Debug;
		};
		5C9E5A3B2BDF8C9300EC8FC5 /* Release */ = {
			isa = XCBuildConfiguration;
			buildSettings = {
				ALWAYS_EMBED_SWIFT_STANDARD_LIBRARIES = YES;
				CODE_SIGN_STYLE = Automatic;
				CURRENT_PROJECT_VERSION = 1;
				GENERATE_INFOPLIST_FILE = YES;
				MARKETING_VERSION = 1.0;
				PRODUCT_BUNDLE_IDENTIFIER = pandanoir.jankenUITests;
				PRODUCT_NAME = "$(TARGET_NAME)";
				SWIFT_EMIT_LOC_STRINGS = NO;
				SWIFT_VERSION = 5.0;
				TARGETED_DEVICE_FAMILY = "1,2";
				TEST_TARGET_NAME = janken;
			};
			name = Release;
		};
/* End XCBuildConfiguration section */

/* Begin XCConfigurationList section */
		5C9E5A0A2BDF8C9200EC8FC5 /* Build configuration list for PBXProject "janken" */ = {
			isa = XCConfigurationList;
			buildConfigurations = (
				5C9E5A312BDF8C9300EC8FC5 /* Debug */,
				5C9E5A322BDF8C9300EC8FC5 /* Release */,
			);
			defaultConfigurationIsVisible = 0;
			defaultConfigurationName = Release;
		};
		5C9E5A332BDF8C9300EC8FC5 /* Build configuration list for PBXNativeTarget "janken" */ = {
			isa = XCConfigurationList;
			buildConfigurations = (
				5C9E5A342BDF8C9300EC8FC5 /* Debug */,
				5C9E5A352BDF8C9300EC8FC5 /* Release */,
			);
			defaultConfigurationIsVisible = 0;
			defaultConfigurationName = Release;
		};
		5C9E5A362BDF8C9300EC8FC5 /* Build configuration list for PBXNativeTarget "jankenTests" */ = {
			isa = XCConfigurationList;
			buildConfigurations = (
				5C9E5A372BDF8C9300EC8FC5 /* Debug */,
				5C9E5A382BDF8C9300EC8FC5 /* Release */,
			);
			defaultConfigurationIsVisible = 0;
			defaultConfigurationName = Release;
		};
		5C9E5A392BDF8C9300EC8FC5 /* Build configuration list for PBXNativeTarget "jankenUITests" */ = {
			isa = XCConfigurationList;
			buildConfigurations = (
				5C9E5A3A2BDF8C9300EC8FC5 /* Debug */,
				5C9E5A3B2BDF8C9300EC8FC5 /* Release */,
			);
			defaultConfigurationIsVisible = 0;
			defaultConfigurationName = Release;
		};
/* End XCConfigurationList section */
	};
	rootObject = 5C9E5A072BDF8C9200EC8FC5 /* Project object */;
}
